
Microsoft Visual Studio Solution File, Format Version 12.00
# Visual Studio Version 17
VisualStudioVersion = 17.11.35327.3
MinimumVisualStudioVersion = 10.0.40219.1
Project("{9A19103F-16F7-4668-BE54-9A1E7A4F7556}") = "Configuracion", "Configuracion\Configuracion.csproj", "{F494FEA9-5540-40E0-825E-637D28D3D8B9}"
EndProject
Project("{FAE04EC0-301F-11D3-BF4B-00C04F79EFBC}") = "TrabajoFinal", "TrabajoFinal\TrabajoFinal.csproj", "{3DF213F0-4471-4D16-A432-8665DC7C421B}"
EndProject
Project("{FAE04EC0-301F-11D3-BF4B-00C04F79EFBC}") = "LibraryTrabajoFinal", "LibraryTrabajoFinal\LibraryTrabajoFinal.csproj", "{058F6816-1CE2-43FF-934C-8BB6581FE8AE}"
EndProject
Global
	GlobalSection(SolutionConfigurationPlatforms) = preSolution
		Debug|Any CPU = Debug|Any CPU
		Release|Any CPU = Release|Any CPU
	EndGlobalSection
	GlobalSection(ProjectConfigurationPlatforms) = postSolution
		{F494FEA9-5540-40E0-825E-637D28D3D8B9}.Debug|Any CPU.ActiveCfg = Debug|Any CPU
		{F494FEA9-5540-40E0-825E-637D28D3D8B9}.Debug|Any CPU.Build.0 = Debug|Any CPU
		{F494FEA9-5540-40E0-825E-637D28D3D8B9}.Release|Any CPU.ActiveCfg = Release|Any CPU
		{F494FEA9-5540-40E0-825E-637D28D3D8B9}.Release|Any CPU.Build.0 = Release|Any CPU
		{3DF213F0-4471-4D16-A432-8665DC7C421B}.Debug|Any CPU.ActiveCfg = Debug|Any CPU
		{3DF213F0-4471-4D16-A432-8665DC7C421B}.Debug|Any CPU.Build.0 = Debug|Any CPU
		{3DF213F0-4471-4D16-A432-8665DC7C421B}.Release|Any CPU.ActiveCfg = Release|Any CPU
		{3DF213F0-4471-4D16-A432-8665DC7C421B}.Release|Any CPU.Build.0 = Release|Any CPU
		{058F6816-1CE2-43FF-934C-8BB6581FE8AE}.Debug|Any CPU.ActiveCfg = Debug|Any CPU
		{058F6816-1CE2-43FF-934C-8BB6581FE8AE}.Debug|Any CPU.Build.0 = Debug|Any CPU
		{058F6816-1CE2-43FF-934C-8BB6581FE8AE}.Release|Any CPU.ActiveCfg = Release|Any CPU
		{058F6816-1CE2-43FF-934C-8BB6581FE8AE}.Release|Any CPU.Build.0 = Release|Any CPU
	EndGlobalSection
	GlobalSection(SolutionProperties) = preSolution
		HideSolutionNode = FALSE
	EndGlobalSection
	GlobalSection(ExtensibilityGlobals) = postSolution
		SolutionGuid = {4295F3F3-08CC-434F-9467-22DB9D5BD75B}
	EndGlobalSection
EndGlobal
